uuid: c5fc8dfa-8b1c-483c-82a1-931595a2ac3c
langcode: en
status: true
dependencies:
  module:
    - endriod_qr_code
    - node
  theme:
    - bartik
id: endriodqrcodeblock
theme: bartik
region: sidebar_second
weight: 0
provider: null
plugin: endriod_qr_code_block
settings:
  id: endriod_qr_code_block
  label: 'Endriod QR Code block'
  provider: endriod_qr_code
  label_display: visible
visibility:
  node_type:
    id: node_type
    bundles:
      product: product
    negate: false
    context_mapping:
      node: '@node.node_route_context:node'